
Microsoft Visual Studio Solution File, Format Version 11.00
# Visual Studio 2010
Project("{FAE04EC0-301F-11D3-BF4B-00C04F79EFBC}") = "Shop", "SuperMarket\Shop.csproj", "{C2532860-AEC2-497B-A8A6-4187E083BAC6}"
EndProject
Project("{FAE04EC0-301F-11D3-BF4B-00C04F79EFBC}") = "ShopTest", "SuperMarketTest\ShopTest.csproj", "{BF02983A-8482-4AFE-A434-A3965567AD76}"
EndProject
Global
	GlobalSection(SolutionConfigurationPlatforms) = preSolution
		Debug|Any CPU = Debug|Any CPU
		Release|Any CPU = Release|Any CPU
	EndGlobalSection
	GlobalSection(ProjectConfigurationPlatforms) = postSolution
		{C2532860-AEC2-497B-A8A6-4187E083BAC6}.Debug|Any CPU.ActiveCfg = Debug|Any CPU
		{C2532860-AEC2-497B-A8A6-4187E083BAC6}.Debug|Any CPU.Build.0 = Debug|Any CPU
		{C2532860-AEC2-497B-A8A6-4187E083BAC6}.Release|Any CPU.ActiveCfg = Release|Any CPU
		{C2532860-AEC2-497B-A8A6-4187E083BAC6}.Release|Any CPU.Build.0 = Release|Any CPU
		{BF02983A-8482-4AFE-A434-A3965567AD76}.Debug|Any CPU.ActiveCfg = Debug|Any CPU
		{BF02983A-8482-4AFE-A434-A3965567AD76}.Debug|Any CPU.Build.0 = Debug|Any CPU
		{BF02983A-8482-4AFE-A434-A3965567AD76}.Release|Any CPU.ActiveCfg = Release|Any CPU
		{BF02983A-8482-4AFE-A434-A3965567AD76}.Release|Any CPU.Build.0 = Release|Any CPU
	EndGlobalSection
	GlobalSection(SolutionProperties) = preSolution
		HideSolutionNode = FALSE
	EndGlobalSection
EndGlobal
